{
  "version": "5",
  "remote": {
    "https://deno.land/std@0.224.0/dotenv/mod.ts": "0180eaeedaaf88647318811cdaa418cc64dc51fb08354f91f5f480d0a1309f7d",
    "https://deno.land/std@0.224.0/dotenv/parse.ts": "09977ff88dfd1f24f9973a338f0f91bbdb9307eb5ff6085446e7c423e4c7ba0c",
    "https://deno.land/std@0.224.0/dotenv/stringify.ts": "275da322c409170160440836342eaa7cf012a1d11a7e700d8ca4e7f2f8aa4615"
  },
  "workspace": {
    "packageJson": {
      "dependencies": [
        "npm:@tailwindcss/postcss@^4.2.4",
        "npm:@types/leaflet@^1.9.21",
        "npm:@types/react-dom@^18.3.1",
        "npm:@types/react@^18.3.1",
        "npm:@vitejs/plugin-react@^4.3.1",
        "npm:autoprefixer@^10.5.0",
        "npm:leaflet@^1.9.4",
        "npm:postcss@^8.5.12",
        "npm:react-dom@^18.3.1",
        "npm:react-leaflet@^4.2.1",
        "npm:react@^18.3.1",
        "npm:recharts@^3.8.1",
        "npm:tailwindcss@^4.2.4",
        "npm:typescript@^5.4.5",
        "npm:vite@^5.3.1"
      ]
    }
  }
}
